
Microsoft Visual Studio Solution File, Format Version 12.00
# Visual Studio Version 17
VisualStudioVersion = 17.5.002.0
MinimumVisualStudioVersion = 10.0.40219.1
Project("{9A19103F-16F7-4668-BE54-9A1E7A4F7556}") = "TcpServerApp", "TcpServerApp.csproj", "{215B809A-2E56-47AB-A8F8-29FE6A42725C}"
EndProject
Global
	GlobalSection(SolutionConfigurationPlatforms) = preSolution
		Debug|Any CPU = Debug|Any CPU
		Release|Any CPU = Release|Any CPU
	EndGlobalSection
	GlobalSection(ProjectConfigurationPlatforms) = postSolution
		{215B809A-2E56-47AB-A8F8-29FE6A42725C}.Debug|Any CPU.ActiveCfg = Debug|Any CPU
		{215B809A-2E56-47AB-A8F8-29FE6A42725C}.Debug|Any CPU.Build.0 = Debug|Any CPU
		{215B809A-2E56-47AB-A8F8-29FE6A42725C}.Release|Any CPU.ActiveCfg = Release|Any CPU
		{215B809A-2E56-47AB-A8F8-29FE6A42725C}.Release|Any CPU.Build.0 = Release|Any CPU
	EndGlobalSection
	GlobalSection(SolutionProperties) = preSolution
		HideSolutionNode = FALSE
	EndGlobalSection
	GlobalSection(ExtensibilityGlobals) = postSolution
		SolutionGuid = {81DB13C0-D058-4A28-89B0-E625CF4396DB}
	EndGlobalSection
EndGlobal
